{
  "name": "md5-check",
  "version": "0.0.1",
  "lockfileVersion": 1,
  "requires": true,
  "dependencies": {
    "@types/node": {
      "version": "16.10.3",
      "resolved": "https://registry.npmmirror.com/@types/node/download/@types/node-16.10.3.tgz?cache=0&sync_timestamp=1633466158941&other_urls=https%3A%2F%2Fregistry.npmmirror.com%2F%40types%2Fnode%2Fdownload%2F%40types%2Fnode-16.10.3.tgz",
      "integrity": "sha1-eo8oOGA+oxTR0iuzFx2JnhXFe9U=",
      "dev": true
    },
    "async": {
      "version": "0.9.2",
      "resolved": "https://registry.nlark.com/async/download/async-0.9.2.tgz?cache=0&other_urls=https%3A%2F%2Fregistry.nlark.com%2Fasync%2Fdownload%2Fasync-0.9.2.tgz",
      "integrity": "sha1-rqdNXmHB+JlhO/ZL2mbUx48v0X0="
    },
    "colors": {
      "version": "1.4.0",
      "resolved": "https://registry.nlark.com/colors/download/colors-1.4.0.tgz?cache=0&sync_timestamp=1622604546780&other_urls=https%3A%2F%2Fregistry.nlark.com%2Fcolors%2Fdownload%2Fcolors-1.4.0.tgz",
      "integrity": "sha1-xQSRR51MG9rtLJztMs98fcI2D3g="
    },
    "commander": {
      "version": "8.2.0",
      "resolved": "https://registry.nlark.com/commander/download/commander-8.2.0.tgz",
      "integrity": "sha1-N/4r3jAdh9R6U63v+LWRXbE4HKg="
    },
    "cycle": {
      "version": "1.0.3",
      "resolved": "https://registry.nlark.com/cycle/download/cycle-1.0.3.tgz",
      "integrity": "sha1-IegLK+hYD5i0aPN5QwZisEbDStI="
    },
    "eyes": {
      "version": "0.1.8",
      "resolved": "https://registry.nlark.com/eyes/download/eyes-0.1.8.tgz",
      "integrity": "sha1-Ys8SAjTGg3hdkCNIqADvPgzCC8A="
    },
    "isstream": {
      "version": "0.1.2",
      "resolved": "https://registry.nlark.com/isstream/download/isstream-0.1.2.tgz",
      "integrity": "sha1-R+Y/evVa+m+S4VAOaQ64uFKcCZo="
    },
    "mute-stream": {
      "version": "0.0.8",
      "resolved": "https://registry.nlark.com/mute-stream/download/mute-stream-0.0.8.tgz",
      "integrity": "sha1-FjDEKyJR/4HiooPelqVJfqkuXg0="
    },
    "prompt": {
      "version": "1.2.0",
      "resolved": "https://registry.nlark.com/prompt/download/prompt-1.2.0.tgz",
      "integrity": "sha1-XY8dkBF2a6wHq95RDb9DONh7TwI=",
      "requires": {
        "async": "~0.9.0",
        "colors": "^1.1.2",
        "read": "1.0.x",
        "revalidator": "0.1.x",
        "winston": "2.x"
      }
    },
    "read": {
      "version": "1.0.7",
      "resolved": "https://registry.nlark.com/read/download/read-1.0.7.tgz",
      "integrity": "sha1-s9oZvQUkMal2cdRKQmNK33ELQMQ=",
      "requires": {
        "mute-stream": "~0.0.4"
      }
    },
    "revalidator": {
      "version": "0.1.8",
      "resolved": "https://registry.npm.taobao.org/revalidator/download/revalidator-0.1.8.tgz",
      "integrity": "sha1-/s5hv6DBtSoga9axgZgYS91SOjs="
    },
    "stack-trace": {
      "version": "0.0.10",
      "resolved": "https://registry.nlark.com/stack-trace/download/stack-trace-0.0.10.tgz?cache=0&sync_timestamp=1620387179562&other_urls=https%3A%2F%2Fregistry.nlark.com%2Fstack-trace%2Fdownload%2Fstack-trace-0.0.10.tgz",
      "integrity": "sha1-VHxws0fo0ytOEI6hoqFZ5f3eGcA="
    },
    "typescript": {
      "version": "4.4.3",
      "resolved": "https://registry.npmmirror.com/typescript/download/typescript-4.4.3.tgz?cache=0&sync_timestamp=1633937236966&other_urls=https%3A%2F%2Fregistry.npmmirror.com%2Ftypescript%2Fdownload%2Ftypescript-4.4.3.tgz",
      "integrity": "sha1-vcVAfKorEJ79T4L+EwZW+XeikyQ="
    },
    "winston": {
      "version": "2.4.5",
      "resolved": "https://registry.npm.taobao.org/winston/download/winston-2.4.5.tgz",
      "integrity": "sha1-8uQx1WFUxOp2VUX8EAO9NAyVtZo=",
      "requires": {
        "async": "~1.0.0",
        "colors": "1.0.x",
        "cycle": "1.0.x",
        "eyes": "0.1.x",
        "isstream": "0.1.x",
        "stack-trace": "0.0.x"
      },
      "dependencies": {
        "async": {
          "version": "1.0.0",
          "resolved": "https://registry.nlark.com/async/download/async-1.0.0.tgz?cache=0&other_urls=https%3A%2F%2Fregistry.nlark.com%2Fasync%2Fdownload%2Fasync-1.0.0.tgz",
          "integrity": "sha1-+PwEyjoTeErenhZBr5hXjPvWR6k="
        },
        "colors": {
          "version": "1.0.3",
          "resolved": "https://registry.nlark.com/colors/download/colors-1.0.3.tgz?cache=0&sync_timestamp=1622604546780&other_urls=https%3A%2F%2Fregistry.nlark.com%2Fcolors%2Fdownload%2Fcolors-1.0.3.tgz",
          "integrity": "sha1-BDP0TYCWgP3rYO0mDxsMJi6CpAs="
        }
      }
    }
  }
}
